
Microsoft Visual Studio Solution File, Format Version 12.00
# Visual Studio Version 17
VisualStudioVersion = 17.3.32929.385
MinimumVisualStudioVersion = 10.0.40219.1
Project("{8BC9CEB8-8B4A-11D0-8D11-00A0C91BC942}") = "Matriz nazi", "Matriz nazi\Matriz nazi.vcxproj", "{FFFDCE5E-CC09-4CFA-8D3E-DE125ABDF252}"
EndProject
Global
	GlobalSection(SolutionConfigurationPlatforms) = preSolution
		Debug|x64 = Debug|x64
		Debug|x86 = Debug|x86
		Release|x64 = Release|x64
		Release|x86 = Release|x86
	EndGlobalSection
	GlobalSection(ProjectConfigurationPlatforms) = postSolution
		{FFFDCE5E-CC09-4CFA-8D3E-DE125ABDF252}.Debug|x64.ActiveCfg = Debug|x64
		{FFFDCE5E-CC09-4CFA-8D3E-DE125ABDF252}.Debug|x64.Build.0 = Debug|x64
		{FFFDCE5E-CC09-4CFA-8D3E-DE125ABDF252}.Debug|x86.ActiveCfg = Debug|Win32
		{FFFDCE5E-CC09-4CFA-8D3E-DE125ABDF252}.Debug|x86.Build.0 = Debug|Win32
		{FFFDCE5E-CC09-4CFA-8D3E-DE125ABDF252}.Release|x64.ActiveCfg = Release|x64
		{FFFDCE5E-CC09-4CFA-8D3E-DE125ABDF252}.Release|x64.Build.0 = Release|x64
		{FFFDCE5E-CC09-4CFA-8D3E-DE125ABDF252}.Release|x86.ActiveCfg = Release|Win32
		{FFFDCE5E-CC09-4CFA-8D3E-DE125ABDF252}.Release|x86.Build.0 = Release|Win32
	EndGlobalSection
	GlobalSection(SolutionProperties) = preSolution
		HideSolutionNode = FALSE
	EndGlobalSection
	GlobalSection(ExtensibilityGlobals) = postSolution
		SolutionGuid = {7C22B912-EC0F-49D7-B38B-C47705A1EEF5}
	EndGlobalSection
EndGlobal
